
Microsoft Visual Studio Solution File, Format Version 12.00
# Visual Studio 2012
Project("{8BC9CEB8-8B4A-11D0-8D11-00A0C91BC942}") = "ScatterScript", "ScatterScript.vcxproj", "{8700E8D1-05BF-4321-B0E6-FB90770F9896}"
EndProject
Global
	GlobalSection(SolutionConfigurationPlatforms) = preSolution
		Debug|Win32 = Debug|Win32
		Release|Win32 = Release|Win32
	EndGlobalSection
	GlobalSection(ProjectConfigurationPlatforms) = postSolution
		{8700E8D1-05BF-4321-B0E6-FB90770F9896}.Debug|Win32.ActiveCfg = Debug|Win32
		{8700E8D1-05BF-4321-B0E6-FB90770F9896}.Debug|Win32.Build.0 = Debug|Win32
		{8700E8D1-05BF-4321-B0E6-FB90770F9896}.Release|Win32.ActiveCfg = Release|Win32
		{8700E8D1-05BF-4321-B0E6-FB90770F9896}.Release|Win32.Build.0 = Release|Win32
	EndGlobalSection
	GlobalSection(SolutionProperties) = preSolution
		HideSolutionNode = FALSE
	EndGlobalSection
EndGlobal
