<?xml version="1.0" encoding="utf-8"?>
<Project ToolsVersion="4.0" xmlns="http://schemas.microsoft.com/developer/msbuild/2003">
  <ItemGroup>
    <ClCompile Include="ssmain.cpp" />
    <ClCompile Include="ssasm.cpp" />
    <ClCompile Include="ssbase_type.cpp" />
    <ClCompile Include="sscl.cpp" />
    <ClCompile Include="sslang.cpp" />
    <ClCompile Include="sslexeme.cpp" />
    <ClCompile Include="sssystem.cpp" />
    <ClCompile Include="ssvm.cpp" />
    <ClCompile Include="ssutil.cpp" />
  </ItemGroup>
  <ItemGroup>
    <None Include=".gitignore" />
    <None Include="README.md" />
  </ItemGroup>
  <ItemGroup>
    <ClInclude Include="ssasm.h" />
    <ClInclude Include="ssbase_type.h" />
    <ClInclude Include="sscl.h" />
    <ClInclude Include="sslang.h" />
    <ClInclude Include="sslexeme.h" />
    <ClInclude Include="sspre.h" />
    <ClInclude Include="sssystem.h" />
    <ClInclude Include="ssutil.h" />
    <ClInclude Include="ssvm.h" />
  </ItemGroup>
</Project>